
Microsoft Visual Studio Solution File, Format Version 12.00
# Visual Studio 15
VisualStudioVersion = 15.0.28307.136
MinimumVisualStudioVersion = 10.0.40219.1
Project("{FAE04EC0-301F-11D3-BF4B-00C04F79EFBC}") = "HexWork", "HexWork\HexWork.csproj", "{CF56F3C7-BE6F-4A4A-BE8A-7BAD3B45B4F9}"
EndProject
Global
	GlobalSection(SolutionConfigurationPlatforms) = preSolution
		Debug|Any CPU = Debug|Any CPU
		Release|Any CPU = Release|Any CPU
	EndGlobalSection
	GlobalSection(ProjectConfigurationPlatforms) = postSolution
		{CF56F3C7-BE6F-4A4A-BE8A-7BAD3B45B4F9}.Debug|Any CPU.ActiveCfg = Debug|Any CPU
		{CF56F3C7-BE6F-4A4A-BE8A-7BAD3B45B4F9}.Debug|Any CPU.Build.0 = Debug|Any CPU
		{CF56F3C7-BE6F-4A4A-BE8A-7BAD3B45B4F9}.Release|Any CPU.ActiveCfg = Release|Any CPU
		{CF56F3C7-BE6F-4A4A-BE8A-7BAD3B45B4F9}.Release|Any CPU.Build.0 = Release|Any CPU
	EndGlobalSection
	GlobalSection(SolutionProperties) = preSolution
		HideSolutionNode = FALSE
	EndGlobalSection
	GlobalSection(ExtensibilityGlobals) = postSolution
		SolutionGuid = {3C67A90F-9BB7-4B38-8EEC-13E993ECEA11}
	EndGlobalSection
EndGlobal
